
Microsoft Visual Studio Solution File, Format Version 12.00
# Visual Studio Version 16
VisualStudioVersion = 16.0.29911.98
MinimumVisualStudioVersion = 10.0.40219.1
Project("{FAE04EC0-301F-11D3-BF4B-00C04F79EFBC}") = "MyCsvApp", "MyCsvApp\MyCsvApp.csproj", "{B0AED772-509D-46B2-9A45-4B222CB71168}"
EndProject
Global
	GlobalSection(SolutionConfigurationPlatforms) = preSolution
		Debug|Any CPU = Debug|Any CPU
		Release|Any CPU = Release|Any CPU
	EndGlobalSection
	GlobalSection(ProjectConfigurationPlatforms) = postSolution
		{B0AED772-509D-46B2-9A45-4B222CB71168}.Debug|Any CPU.ActiveCfg = Debug|Any CPU
		{B0AED772-509D-46B2-9A45-4B222CB71168}.Debug|Any CPU.Build.0 = Debug|Any CPU
		{B0AED772-509D-46B2-9A45-4B222CB71168}.Release|Any CPU.ActiveCfg = Release|Any CPU
		{B0AED772-509D-46B2-9A45-4B222CB71168}.Release|Any CPU.Build.0 = Release|Any CPU
	EndGlobalSection
	GlobalSection(SolutionProperties) = preSolution
		HideSolutionNode = FALSE
	EndGlobalSection
	GlobalSection(ExtensibilityGlobals) = postSolution
		SolutionGuid = {C872058B-4946-457F-8896-CBBB9B5CB570}
	EndGlobalSection
EndGlobal
